// !$*UTF8*$!
{
	archiveVersion = 1;
	classes = {
	};
	objectVersion = 55;
	objects = {

/* Begin PBXBuildFile section */
		C11F917E28DD315600615E7A /* PLMControlApp.swift in Sources */ = {isa = PBXBuildFile; fileRef = C11F917D28DD315600615E7A /* PLMControlApp.swift */; };
		C11F918028DD315600615E7A /* DevicesView.swift in Sources */ = {isa = PBXBuildFile; fileRef = C11F917F28DD315600615E7A /* DevicesView.swift */; };
		C11F918228DD315700615E7A /* Assets.xcassets in Resources */ = {isa = PBXBuildFile; fileRef = C11F918128DD315700615E7A /* Assets.xcassets */; };
		C11F918528DD315700615E7A /* Preview Assets.xcassets in Resources */ = {isa = PBXBuildFile; fileRef = C11F918428DD315700615E7A /* Preview Assets.xcassets */; };
		C11F918F28DD315700615E7A /* PLMControlTests.swift in Sources */ = {isa = PBXBuildFile; fileRef = C11F918E28DD315700615E7A /* PLMControlTests.swift */; };
		C11F919928DD315700615E7A /* PLMControlUITests.swift in Sources */ = {isa = PBXBuildFile; fileRef = C11F919828DD315700615E7A /* PLMControlUITests.swift */; };
		C11F919B28DD315700615E7A /* PLMControlUITestsLaunchTests.swift in Sources */ = {isa = PBXBuildFile; fileRef = C11F919A28DD315700615E7A /* PLMControlUITestsLaunchTests.swift */; };
		C11F91A828DD38A500615E7A /* DeviceModel.swift in Sources */ = {isa = PBXBuildFile; fileRef = C11F91A728DD38A500615E7A /* DeviceModel.swift */; };
		C11F91AA28DD3ABB00615E7A /* DeviceViewModel.swift in Sources */ = {isa = PBXBuildFile; fileRef = C11F91A928DD3ABB00615E7A /* DeviceViewModel.swift */; };
		C12655C328DF8D0700C090F6 /* PubNubViewModel.swift in Sources */ = {isa = PBXBuildFile; fileRef = C12655C228DF8D0700C090F6 /* PubNubViewModel.swift */; };
		C12655C528DF922400C090F6 /* PubNubModel.swift in Sources */ = {isa = PBXBuildFile; fileRef = C12655C428DF922400C090F6 /* PubNubModel.swift */; };
		C12655C828DFACEE00C090F6 /* PubNub in Frameworks */ = {isa = PBXBuildFile; productRef = C12655C728DFACEE00C090F6 /* PubNub */; };
		C1FD16DE28ECD23B007A4D4B /* SwiftLogConsoleColors in Frameworks */ = {isa = PBXBuildFile; productRef = C1FD16DD28ECD23B007A4D4B /* SwiftLogConsoleColors */; };
/* End PBXBuildFile section */

/* Begin PBXContainerItemProxy section */
		C11F918B28DD315700615E7A /* PBXContainerItemProxy */ = {
			isa = PBXContainerItemProxy;
			containerPortal = C11F917228DD315500615E7A /* Project object */;
			proxyType = 1;
			remoteGlobalIDString = C11F917928DD315600615E7A;
			remoteInfo = PLMControl;
		};
		C11F919528DD315700615E7A /* PBXContainerItemProxy */ = {
			isa = PBXContainerItemProxy;
			containerPortal = C11F917228DD315500615E7A /* Project object */;
			proxyType = 1;
			remoteGlobalIDString = C11F917928DD315600615E7A;
			remoteInfo = PLMControl;
		};
/* End PBXContainerItemProxy section */

/* Begin PBXFileReference section */
		C11F917A28DD315600615E7A /* PLMControl.app */ = {isa = PBXFileReference; explicitFileType = wrapper.application; includeInIndex = 0; path = PLMControl.app; sourceTree = BUILT_PRODUCTS_DIR; };
		C11F917D28DD315600615E7A /* PLMControlApp.swift */ = {isa = PBXFileReference; lastKnownFileType = sourcecode.swift; path = PLMControlApp.swift; sourceTree = "<group>"; };
		C11F917F28DD315600615E7A /* DevicesView.swift */ = {isa = PBXFileReference; lastKnownFileType = sourcecode.swift; path = DevicesView.swift; sourceTree = "<group>"; };
		C11F918128DD315700615E7A /* Assets.xcassets */ = {isa = PBXFileReference; lastKnownFileType = folder.assetcatalog; path = Assets.xcassets; sourceTree = "<group>"; };
		C11F918428DD315700615E7A /* Preview Assets.xcassets */ = {isa = PBXFileReference; lastKnownFileType = folder.assetcatalog; path = "Preview Assets.xcassets"; sourceTree = "<group>"; };
		C11F918A28DD315700615E7A /* PLMControlTests.xctest */ = {isa = PBXFileReference; explicitFileType = wrapper.cfbundle; includeInIndex = 0; path = PLMControlTests.xctest; sourceTree = BUILT_PRODUCTS_DIR; };
		C11F918E28DD315700615E7A /* PLMControlTests.swift */ = {isa = PBXFileReference; lastKnownFileType = sourcecode.swift; path = PLMControlTests.swift; sourceTree = "<group>"; };
		C11F919428DD315700615E7A /* PLMControlUITests.xctest */ = {isa = PBXFileReference; explicitFileType = wrapper.cfbundle; includeInIndex = 0; path = PLMControlUITests.xctest; sourceTree = BUILT_PRODUCTS_DIR; };
		C11F919828DD315700615E7A /* PLMControlUITests.swift */ = {isa = PBXFileReference; lastKnownFileType = sourcecode.swift; path = PLMControlUITests.swift; sourceTree = "<group>"; };
		C11F919A28DD315700615E7A /* PLMControlUITestsLaunchTests.swift */ = {isa = PBXFileReference; lastKnownFileType = sourcecode.swift; path = PLMControlUITestsLaunchTests.swift; sourceTree = "<group>"; };
		C11F91A728DD38A500615E7A /* DeviceModel.swift */ = {isa = PBXFileReference; lastKnownFileType = sourcecode.swift; path = DeviceModel.swift; sourceTree = "<group>"; };
		C11F91A928DD3ABB00615E7A /* DeviceViewModel.swift */ = {isa = PBXFileReference; lastKnownFileType = sourcecode.swift; path = DeviceViewModel.swift; sourceTree = "<group>"; };
		C12655C228DF8D0700C090F6 /* PubNubViewModel.swift */ = {isa = PBXFileReference; lastKnownFileType = sourcecode.swift; path = PubNubViewModel.swift; sourceTree = "<group>"; };
		C12655C428DF922400C090F6 /* PubNubModel.swift */ = {isa = PBXFileReference; lastKnownFileType = sourcecode.swift; name = PubNubModel.swift; path = Models/PubNubModel.swift; sourceTree = "<group>"; };
		C1FD16DB28ECD180007A4D4B /* TestPlan.xctestplan */ = {isa = PBXFileReference; lastKnownFileType = text; path = TestPlan.xctestplan; sourceTree = "<group>"; };
/* End PBXFileReference section */

/* Begin PBXFrameworksBuildPhase section */
		C11F917728DD315600615E7A /* Frameworks */ = {
			isa = PBXFrameworksBuildPhase;
			buildActionMask = 2147483647;
			files = (
				C12655C828DFACEE00C090F6 /* PubNub in Frameworks */,
				C1FD16DE28ECD23B007A4D4B /* SwiftLogConsoleColors in Frameworks */,
			);
			runOnlyForDeploymentPostprocessing = 0;
		};
		C11F918728DD315700615E7A /* Frameworks */ = {
			isa = PBXFrameworksBuildPhase;
			buildActionMask = 2147483647;
			files = (
			);
			runOnlyForDeploymentPostprocessing = 0;
		};
		C11F919128DD315700615E7A /* Frameworks */ = {
			isa = PBXFrameworksBuildPhase;
			buildActionMask = 2147483647;
			files = (
			);
			runOnlyForDeploymentPostprocessing = 0;
		};
/* End PBXFrameworksBuildPhase section */

/* Begin PBXGroup section */
		C11F917128DD315500615E7A = {
			isa = PBXGroup;
			children = (
				C1FD16DB28ECD180007A4D4B /* TestPlan.xctestplan */,
				C11F917C28DD315600615E7A /* PLMControl */,
				C11F918D28DD315700615E7A /* PLMControlTests */,
				C11F919728DD315700615E7A /* PLMControlUITests */,
				C11F917B28DD315600615E7A /* Products */,
			);
			sourceTree = "<group>";
		};
		C11F917B28DD315600615E7A /* Products */ = {
			isa = PBXGroup;
			children = (
				C11F917A28DD315600615E7A /* PLMControl.app */,
				C11F918A28DD315700615E7A /* PLMControlTests.xctest */,
				C11F919428DD315700615E7A /* PLMControlUITests.xctest */,
			);
			name = Products;
			sourceTree = "<group>";
		};
		C11F917C28DD315600615E7A /* PLMControl */ = {
			isa = PBXGroup;
			children = (
				C12655B428DF871A00C090F6 /* ViewModels */,
				C12655B828DF87FB00C090F6 /* Views */,
				C12655B528DF875000C090F6 /* Models */,
				C11F91A728DD38A500615E7A /* DeviceModel.swift */,
				C12655C428DF922400C090F6 /* PubNubModel.swift */,
				C11F918128DD315700615E7A /* Assets.xcassets */,
				C11F918328DD315700615E7A /* Preview Content */,
			);
			path = PLMControl;
			sourceTree = "<group>";
		};
		C11F918328DD315700615E7A /* Preview Content */ = {
			isa = PBXGroup;
			children = (
				C11F918428DD315700615E7A /* Preview Assets.xcassets */,
			);
			path = "Preview Content";
			sourceTree = "<group>";
		};
		C11F918D28DD315700615E7A /* PLMControlTests */ = {
			isa = PBXGroup;
			children = (
				C11F918E28DD315700615E7A /* PLMControlTests.swift */,
			);
			path = PLMControlTests;
			sourceTree = "<group>";
		};
		C11F919728DD315700615E7A /* PLMControlUITests */ = {
			isa = PBXGroup;
			children = (
				C11F919828DD315700615E7A /* PLMControlUITests.swift */,
				C11F919A28DD315700615E7A /* PLMControlUITestsLaunchTests.swift */,
			);
			path = PLMControlUITests;
			sourceTree = "<group>";
		};
		C12655B428DF871A00C090F6 /* ViewModels */ = {
			isa = PBXGroup;
			children = (
				C11F917D28DD315600615E7A /* PLMControlApp.swift */,
				C11F91A928DD3ABB00615E7A /* DeviceViewModel.swift */,
				C12655C228DF8D0700C090F6 /* PubNubViewModel.swift */,
			);
			path = ViewModels;
			sourceTree = "<group>";
		};
		C12655B528DF875000C090F6 /* Models */ = {
			isa = PBXGroup;
			children = (
			);
			path = Models;
			sourceTree = "<group>";
		};
		C12655B828DF87FB00C090F6 /* Views */ = {
			isa = PBXGroup;
			children = (
				C11F917F28DD315600615E7A /* DevicesView.swift */,
			);
			path = Views;
			sourceTree = "<group>";
		};
/* End PBXGroup section */

/* Begin PBXNativeTarget section */
		C11F917928DD315600615E7A /* PLMControl */ = {
			isa = PBXNativeTarget;
			buildConfigurationList = C11F919E28DD315700615E7A /* Build configuration list for PBXNativeTarget "PLMControl" */;
			buildPhases = (
				C11F917628DD315600615E7A /* Sources */,
				C11F917728DD315600615E7A /* Frameworks */,
				C11F917828DD315600615E7A /* Resources */,
			);
			buildRules = (
			);
			dependencies = (
			);
			name = PLMControl;
			packageProductDependencies = (
				C12655C728DFACEE00C090F6 /* PubNub */,
				C1FD16DD28ECD23B007A4D4B /* SwiftLogConsoleColors */,
			);
			productName = PLMControl;
			productReference = C11F917A28DD315600615E7A /* PLMControl.app */;
			productType = "com.apple.product-type.application";
		};
		C11F918928DD315700615E7A /* PLMControlTests */ = {
			isa = PBXNativeTarget;
			buildConfigurationList = C11F91A128DD315700615E7A /* Build configuration list for PBXNativeTarget "PLMControlTests" */;
			buildPhases = (
				C11F918628DD315700615E7A /* Sources */,
				C11F918728DD315700615E7A /* Frameworks */,
				C11F918828DD315700615E7A /* Resources */,
			);
			buildRules = (
			);
			dependencies = (
				C11F918C28DD315700615E7A /* PBXTargetDependency */,
			);
			name = PLMControlTests;
			productName = PLMControlTests;
			productReference = C11F918A28DD315700615E7A /* PLMControlTests.xctest */;
			productType = "com.apple.product-type.bundle.unit-test";
		};
		C11F919328DD315700615E7A /* PLMControlUITests */ = {
			isa = PBXNativeTarget;
			buildConfigurationList = C11F91A428DD315700615E7A /* Build configuration list for PBXNativeTarget "PLMControlUITests" */;
			buildPhases = (
				C11F919028DD315700615E7A /* Sources */,
				C11F919128DD315700615E7A /* Frameworks */,
				C11F919228DD315700615E7A /* Resources */,
			);
			buildRules = (
			);
			dependencies = (
				C11F919628DD315700615E7A /* PBXTargetDependency */,
			);
			name = PLMControlUITests;
			productName = PLMControlUITests;
			productReference = C11F919428DD315700615E7A /* PLMControlUITests.xctest */;
			productType = "com.apple.product-type.bundle.ui-testing";
		};
/* End PBXNativeTarget section */

/* Begin PBXProject section */
		C11F917228DD315500615E7A /* Project object */ = {
			isa = PBXProject;
			attributes = {
				BuildIndependentTargetsInParallel = 1;
				LastSwiftUpdateCheck = 1340;
				LastUpgradeCheck = 1340;
				TargetAttributes = {
					C11F917928DD315600615E7A = {
						CreatedOnToolsVersion = 13.4.1;
					};
					C11F918928DD315700615E7A = {
						CreatedOnToolsVersion = 13.4.1;
						TestTargetID = C11F917928DD315600615E7A;
					};
					C11F919328DD315700615E7A = {
						CreatedOnToolsVersion = 13.4.1;
						TestTargetID = C11F917928DD315600615E7A;
					};
				};
			};
			buildConfigurationList = C11F917528DD315500615E7A /* Build configuration list for PBXProject "PLMControl" */;
			compatibilityVersion = "Xcode 13.0";
			developmentRegion = en;
			hasScannedForEncodings = 0;
			knownRegions = (
				en,
				Base,
			);
			mainGroup = C11F917128DD315500615E7A;
			packageReferences = (
				C12655C628DFACEE00C090F6 /* XCRemoteSwiftPackageReference "swift" */,
				C1FD16DC28ECD23B007A4D4B /* XCRemoteSwiftPackageReference "swift-log-console-colors" */,
			);
			productRefGroup = C11F917B28DD315600615E7A /* Products */;
			projectDirPath = "";
			projectRoot = "";
			targets = (
				C11F917928DD315600615E7A /* PLMControl */,
				C11F918928DD315700615E7A /* PLMControlTests */,
				C11F919328DD315700615E7A /* PLMControlUITests */,
			);
		};
/* End PBXProject section */

/* Begin PBXResourcesBuildPhase section */
		C11F917828DD315600615E7A /* Resources */ = {
			isa = PBXResourcesBuildPhase;
			buildActionMask = 2147483647;
			files = (
				C11F918528DD315700615E7A /* Preview Assets.xcassets in Resources */,
				C11F918228DD315700615E7A /* Assets.xcassets in Resources */,
			);
			runOnlyForDeploymentPostprocessing = 0;
		};
		C11F918828DD315700615E7A /* Resources */ = {
			isa = PBXResourcesBuildPhase;
			buildActionMask = 2147483647;
			files = (
			);
			runOnlyForDeploymentPostprocessing = 0;
		};
		C11F919228DD315700615E7A /* Resources */ = {
			isa = PBXResourcesBuildPhase;
			buildActionMask = 2147483647;
			files = (
			);
			runOnlyForDeploymentPostprocessing = 0;
		};
/* End PBXResourcesBuildPhase section */

/* Begin PBXSourcesBuildPhase section */
		C11F917628DD315600615E7A /* Sources */ = {
			isa = PBXSourcesBuildPhase;
			buildActionMask = 2147483647;
			files = (
				C11F91AA28DD3ABB00615E7A /* DeviceViewModel.swift in Sources */,
				C11F918028DD315600615E7A /* DevicesView.swift in Sources */,
				C11F917E28DD315600615E7A /* PLMControlApp.swift in Sources */,
				C12655C528DF922400C090F6 /* PubNubModel.swift in Sources */,
				C11F91A828DD38A500615E7A /* DeviceModel.swift in Sources */,
				C12655C328DF8D0700C090F6 /* PubNubViewModel.swift in Sources */,
			);
			runOnlyForDeploymentPostprocessing = 0;
		};
		C11F918628DD315700615E7A /* Sources */ = {
			isa = PBXSourcesBuildPhase;
			buildActionMask = 2147483647;
			files = (
				C11F918F28DD315700615E7A /* PLMControlTests.swift in Sources */,
			);
			runOnlyForDeploymentPostprocessing = 0;
		};
		C11F919028DD315700615E7A /* Sources */ = {
			isa = PBXSourcesBuildPhase;
			buildActionMask = 2147483647;
			files = (
				C11F919B28DD315700615E7A /* PLMControlUITestsLaunchTests.swift in Sources */,
				C11F919928DD315700615E7A /* PLMControlUITests.swift in Sources */,
			);
			runOnlyForDeploymentPostprocessing = 0;
		};
/* End PBXSourcesBuildPhase section */

/* Begin PBXTargetDependency section */
		C11F918C28DD315700615E7A /* PBXTargetDependency */ = {
			isa = PBXTargetDependency;
			target = C11F917928DD315600615E7A /* PLMControl */;
			targetProxy = C11F918B28DD315700615E7A /* PBXContainerItemProxy */;
		};
		C11F919628DD315700615E7A /* PBXTargetDependency */ = {
			isa = PBXTargetDependency;
			target = C11F917928DD315600615E7A /* PLMControl */;
			targetProxy = C11F919528DD315700615E7A /* PBXContainerItemProxy */;
		};
/* End PBXTargetDependency section */

/* Begin XCBuildConfiguration section */
		C11F919C28DD315700615E7A /* Debug */ = {
			isa = XCBuildConfiguration;
			buildSettings = {
				ALWAYS_SEARCH_USER_PATHS = NO;
				CLANG_ANALYZER_NONNULL = YES;
				CLANG_ANALYZER_NUMBER_OBJECT_CONVERSION = YES_AGGRESSIVE;
				CLANG_CXX_LANGUAGE_STANDARD = "gnu++17";
				CLANG_ENABLE_MODULES = YES;
				CLANG_ENABLE_OBJC_ARC = YES;
				CLANG_ENABLE_OBJC_WEAK = YES;
				CLANG_WARN_BLOCK_CAPTURE_AUTORELEASING = YES;
				CLANG_WARN_BOOL_CONVERSION = YES;
				CLANG_WARN_COMMA = YES;
				CLANG_WARN_CONSTANT_CONVERSION = YES;
				CLANG_WARN_DEPRECATED_OBJC_IMPLEMENTATIONS = YES;
				CLANG_WARN_DIRECT_OBJC_ISA_USAGE = YES_ERROR;
				CLANG_WARN_DOCUMENTATION_COMMENTS = YES;
				CLANG_WARN_EMPTY_BODY = YES;
				CLANG_WARN_ENUM_CONVERSION = YES;
				CLANG_WARN_INFINITE_RECURSION = YES;
				CLANG_WARN_INT_CONVERSION = YES;
				CLANG_WARN_NON_LITERAL_NULL_CONVERSION = YES;
				CLANG_WARN_OBJC_IMPLICIT_RETAIN_SELF = YES;
				CLANG_WARN_OBJC_LITERAL_CONVERSION = YES;
				CLANG_WARN_OBJC_ROOT_CLASS = YES_ERROR;
				CLANG_WARN_QUOTED_INCLUDE_IN_FRAMEWORK_HEADER = YES;
				CLANG_WARN_RANGE_LOOP_ANALYSIS = YES;
				CLANG_WARN_STRICT_PROTOTYPES = YES;
				CLANG_WARN_SUSPICIOUS_MOVE = YES;
				CLANG_WARN_UNGUARDED_AVAILABILITY = YES_AGGRESSIVE;
				CLANG_WARN_UNREACHABLE_CODE = YES;
				CLANG_WARN__DUPLICATE_METHOD_MATCH = YES;
				COPY_PHASE_STRIP = NO;
				DEBUG_INFORMATION_FORMAT = dwarf;
				ENABLE_STRICT_OBJC_MSGSEND = YES;
				ENABLE_TESTABILITY = YES;
				GCC_C_LANGUAGE_STANDARD = gnu11;
				GCC_DYNAMIC_NO_PIC = NO;
				GCC_NO_COMMON_BLOCKS = YES;
				GCC_OPTIMIZATION_LEVEL = 0;
				GCC_PREPROCESSOR_DEFINITIONS = (
					"DEBUG=1",
					"$(inherited)",
				);
				GCC_WARN_64_TO_32_BIT_CONVERSION = YES;
				GCC_WARN_ABOUT_RETURN_TYPE = YES_ERROR;
				GCC_WARN_UNDECLARED_SELECTOR = YES;
				GCC_WARN_UNINITIALIZED_AUTOS = YES_AGGRESSIVE;
				GCC_WARN_UNUSED_FUNCTION = YES;
				GCC_WARN_UNUSED_VARIABLE = YES;
				IPHONEOS_DEPLOYMENT_TARGET = 15.5;
				MTL_ENABLE_DEBUG_INFO = INCLUDE_SOURCE;
				MTL_FAST_MATH = YES;
				ONLY_ACTIVE_ARCH = YES;
				SDKROOT = iphoneos;
				SWIFT_ACTIVE_COMPILATION_CONDITIONS = DEBUG;
				SWIFT_OPTIMIZATION_LEVEL = "-Onone";
			};
			name = Debug;
		};
		C11F919D28DD315700615E7A /* Release */ = {
			isa = XCBuildConfiguration;
			buildSettings = {
				ALWAYS_SEARCH_USER_PATHS = NO;
				CLANG_ANALYZER_NONNULL = YES;
				CLANG_ANALYZER_NUMBER_OBJECT_CONVERSION = YES_AGGRESSIVE;
				CLANG_CXX_LANGUAGE_STANDARD = "gnu++17";
				CLANG_ENABLE_MODULES = YES;
				CLANG_ENABLE_OBJC_ARC = YES;
				CLANG_ENABLE_OBJC_WEAK = YES;
				CLANG_WARN_BLOCK_CAPTURE_AUTORELEASING = YES;
				CLANG_WARN_BOOL_CONVERSION = YES;
				CLANG_WARN_COMMA = YES;
				CLANG_WARN_CONSTANT_CONVERSION = YES;
				CLANG_WARN_DEPRECATED_OBJC_IMPLEMENTATIONS = YES;
				CLANG_WARN_DIRECT_OBJC_ISA_USAGE = YES_ERROR;
				CLANG_WARN_DOCUMENTATION_COMMENTS = YES;
				CLANG_WARN_EMPTY_BODY = YES;
				CLANG_WARN_ENUM_CONVERSION = YES;
				CLANG_WARN_INFINITE_RECURSION = YES;
				CLANG_WARN_INT_CONVERSION = YES;
				CLANG_WARN_NON_LITERAL_NULL_CONVERSION = YES;
				CLANG_WARN_OBJC_IMPLICIT_RETAIN_SELF = YES;
				CLANG_WARN_OBJC_LITERAL_CONVERSION = YES;
				CLANG_WARN_OBJC_ROOT_CLASS = YES_ERROR;
				CLANG_WARN_QUOTED_INCLUDE_IN_FRAMEWORK_HEADER = YES;
				CLANG_WARN_RANGE_LOOP_ANALYSIS = YES;
				CLANG_WARN_STRICT_PROTOTYPES = YES;
				CLANG_WARN_SUSPICIOUS_MOVE = YES;
				CLANG_WARN_UNGUARDED_AVAILABILITY = YES_AGGRESSIVE;
				CLANG_WARN_UNREACHABLE_CODE = YES;
				CLANG_WARN__DUPLICATE_METHOD_MATCH = YES;
				COPY_PHASE_STRIP = NO;
				DEBUG_INFORMATION_FORMAT = "dwarf-with-dsym";
				ENABLE_NS_ASSERTIONS = NO;
				ENABLE_STRICT_OBJC_MSGSEND = YES;
				GCC_C_LANGUAGE_STANDARD = gnu11;
				GCC_NO_COMMON_BLOCKS = YES;
				GCC_WARN_64_TO_32_BIT_CONVERSION = YES;
				GCC_WARN_ABOUT_RETURN_TYPE = YES_ERROR;
				GCC_WARN_UNDECLARED_SELECTOR = YES;
				GCC_WARN_UNINITIALIZED_AUTOS = YES_AGGRESSIVE;
				GCC_WARN_UNUSED_FUNCTION = YES;
				GCC_WARN_UNUSED_VARIABLE = YES;
				IPHONEOS_DEPLOYMENT_TARGET = 15.5;
				MTL_ENABLE_DEBUG_INFO = NO;
				MTL_FAST_MATH = YES;
				SDKROOT = iphoneos;
				SWIFT_COMPILATION_MODE = wholemodule;
				SWIFT_OPTIMIZATION_LEVEL = "-O";
				VALIDATE_PRODUCT = YES;
			};
			name = Release;
		};
		C11F919F28DD315700615E7A /* Debug */ = {
			isa = XCBuildConfiguration;
			buildSettings = {
				ASSETCATALOG_COMPILER_APPICON_NAME = AppIcon;
				ASSETCATALOG_COMPILER_GLOBAL_ACCENT_COLOR_NAME = AccentColor;
				CODE_SIGN_STYLE = Automatic;
				CURRENT_PROJECT_VERSION = 1;
				DEVELOPMENT_ASSET_PATHS = "\"PLMControl/Preview Content\"";
				DEVELOPMENT_TEAM = KSK4883GLS;
				ENABLE_PREVIEWS = YES;
				GENERATE_INFOPLIST_FILE = YES;
				INFOPLIST_KEY_UIApplicationSceneManifest_Generation = YES;
				INFOPLIST_KEY_UIApplicationSupportsIndirectInputEvents = YES;
				INFOPLIST_KEY_UILaunchScreen_Generation = YES;
				INFOPLIST_KEY_UISupportedInterfaceOrientations_iPad = "UIInterfaceOrientationPortrait UIInterfaceOrientationPortraitUpsideDown UIInterfaceOrientationLandscapeLeft UIInterfaceOrientationLandscapeRight";
				INFOPLIST_KEY_UISupportedInterfaceOrientations_iPhone = "UIInterfaceOrientationPortrait UIInterfaceOrientationLandscapeLeft UIInterfaceOrientationLandscapeRight";
				LD_RUNPATH_SEARCH_PATHS = (
					"$(inherited)",
					"@executable_path/Frameworks",
				);
				MARKETING_VERSION = 1.0;
				PRODUCT_BUNDLE_IDENTIFIER = com.hiago;
				PRODUCT_NAME = "$(TARGET_NAME)";
				SWIFT_EMIT_LOC_STRINGS = YES;
				SWIFT_VERSION = 5.0;
				TARGETED_DEVICE_FAMILY = "1,2";
			};
			name = Debug;
		};
		C11F91A028DD315700615E7A /* Release */ = {
			isa = XCBuildConfiguration;
			buildSettings = {
				ASSETCATALOG_COMPILER_APPICON_NAME = AppIcon;
				ASSETCATALOG_COMPILER_GLOBAL_ACCENT_COLOR_NAME = AccentColor;
				CODE_SIGN_STYLE = Automatic;
				CURRENT_PROJECT_VERSION = 1;
				DEVELOPMENT_ASSET_PATHS = "\"PLMControl/Preview Content\"";
				DEVELOPMENT_TEAM = KSK4883GLS;
				ENABLE_PREVIEWS = YES;
				GENERATE_INFOPLIST_FILE = YES;
				INFOPLIST_KEY_UIApplicationSceneManifest_Generation = YES;
				INFOPLIST_KEY_UIApplicationSupportsIndirectInputEvents = YES;
				INFOPLIST_KEY_UILaunchScreen_Generation = YES;
				INFOPLIST_KEY_UISupportedInterfaceOrientations_iPad = "UIInterfaceOrientationPortrait UIInterfaceOrientationPortraitUpsideDown UIInterfaceOrientationLandscapeLeft UIInterfaceOrientationLandscapeRight";
				INFOPLIST_KEY_UISupportedInterfaceOrientations_iPhone = "UIInterfaceOrientationPortrait UIInterfaceOrientationLandscapeLeft UIInterfaceOrientationLandscapeRight";
				LD_RUNPATH_SEARCH_PATHS = (
					"$(inherited)",
					"@executable_path/Frameworks",
				);
				MARKETING_VERSION = 1.0;
				PRODUCT_BUNDLE_IDENTIFIER = com.hiago;
				PRODUCT_NAME = "$(TARGET_NAME)";
				SWIFT_EMIT_LOC_STRINGS = YES;
				SWIFT_VERSION = 5.0;
				TARGETED_DEVICE_FAMILY = "1,2";
			};
			name = Release;
		};
		C11F91A228DD315700615E7A /* Debug */ = {
			isa = XCBuildConfiguration;
			buildSettings = {
				ALWAYS_EMBED_SWIFT_STANDARD_LIBRARIES = YES;
				BUNDLE_LOADER = "$(TEST_HOST)";
				CODE_SIGN_STYLE = Automatic;
				CURRENT_PROJECT_VERSION = 1;
				DEVELOPMENT_TEAM = 87JP48PHWU;
				GENERATE_INFOPLIST_FILE = YES;
				IPHONEOS_DEPLOYMENT_TARGET = 15.5;
				MARKETING_VERSION = 1.0;
				PRODUCT_BUNDLE_IDENTIFIER = com.PLM.app.PLMControlTests;
				PRODUCT_NAME = "$(TARGET_NAME)";
				SWIFT_EMIT_LOC_STRINGS = NO;
				SWIFT_VERSION = 5.0;
				TARGETED_DEVICE_FAMILY = "1,2";
				TEST_HOST = "$(BUILT_PRODUCTS_DIR)/PLMControl.app/PLMControl";
			};
			name = Debug;
		};
		C11F91A328DD315700615E7A /* Release */ = {
			isa = XCBuildConfiguration;
			buildSettings = {
				ALWAYS_EMBED_SWIFT_STANDARD_LIBRARIES = YES;
				BUNDLE_LOADER = "$(TEST_HOST)";
				CODE_SIGN_STYLE = Automatic;
				CURRENT_PROJECT_VERSION = 1;
				DEVELOPMENT_TEAM = 87JP48PHWU;
				GENERATE_INFOPLIST_FILE = YES;
				IPHONEOS_DEPLOYMENT_TARGET = 15.5;
				MARKETING_VERSION = 1.0;
				PRODUCT_BUNDLE_IDENTIFIER = com.PLM.app.PLMControlTests;
				PRODUCT_NAME = "$(TARGET_NAME)";
				SWIFT_EMIT_LOC_STRINGS = NO;
				SWIFT_VERSION = 5.0;
				TARGETED_DEVICE_FAMILY = "1,2";
				TEST_HOST = "$(BUILT_PRODUCTS_DIR)/PLMControl.app/PLMControl";
			};
			name = Release;
		};
		C11F91A528DD315700615E7A /* Debug */ = {
			isa = XCBuildConfiguration;
			buildSettings = {
				ALWAYS_EMBED_SWIFT_STANDARD_LIBRARIES = YES;
				CODE_SIGN_STYLE = Automatic;
				CURRENT_PROJECT_VERSION = 1;
				DEVELOPMENT_TEAM = 87JP48PHWU;
				GENERATE_INFOPLIST_FILE = YES;
				MARKETING_VERSION = 1.0;
				PRODUCT_BUNDLE_IDENTIFIER = com.PLM.app.PLMControlUITests;
				PRODUCT_NAME = "$(TARGET_NAME)";
				SWIFT_EMIT_LOC_STRINGS = NO;
				SWIFT_VERSION = 5.0;
				TARGETED_DEVICE_FAMILY = "1,2";
				TEST_TARGET_NAME = PLMControl;
			};
			name = Debug;
		};
		C11F91A628DD315700615E7A /* Release */ = {
			isa = XCBuildConfiguration;
			buildSettings = {
				ALWAYS_EMBED_SWIFT_STANDARD_LIBRARIES = YES;
				CODE_SIGN_STYLE = Automatic;
				CURRENT_PROJECT_VERSION = 1;
				DEVELOPMENT_TEAM = 87JP48PHWU;
				GENERATE_INFOPLIST_FILE = YES;
				MARKETING_VERSION = 1.0;
				PRODUCT_BUNDLE_IDENTIFIER = com.PLM.app.PLMControlUITests;
				PRODUCT_NAME = "$(TARGET_NAME)";
				SWIFT_EMIT_LOC_STRINGS = NO;
				SWIFT_VERSION = 5.0;
				TARGETED_DEVICE_FAMILY = "1,2";
				TEST_TARGET_NAME = PLMControl;
			};
			name = Release;
		};
/* End XCBuildConfiguration section */

/* Begin XCConfigurationList section */
		C11F917528DD315500615E7A /* Build configuration list for PBXProject "PLMControl" */ = {
			isa = XCConfigurationList;
			buildConfigurations = (
				C11F919C28DD315700615E7A /* Debug */,
				C11F919D28DD315700615E7A /* Release */,
			);
			defaultConfigurationIsVisible = 0;
			defaultConfigurationName = Release;
		};
		C11F919E28DD315700615E7A /* Build configuration list for PBXNativeTarget "PLMControl" */ = {
			isa = XCConfigurationList;
			buildConfigurations = (
				C11F919F28DD315700615E7A /* Debug */,
				C11F91A028DD315700615E7A /* Release */,
			);
			defaultConfigurationIsVisible = 0;
			defaultConfigurationName = Release;
		};
		C11F91A128DD315700615E7A /* Build configuration list for PBXNativeTarget "PLMControlTests" */ = {
			isa = XCConfigurationList;
			buildConfigurations = (
				C11F91A228DD315700615E7A /* Debug */,
				C11F91A328DD315700615E7A /* Release */,
			);
			defaultConfigurationIsVisible = 0;
			defaultConfigurationName = Release;
		};
		C11F91A428DD315700615E7A /* Build configuration list for PBXNativeTarget "PLMControlUITests" */ = {
			isa = XCConfigurationList;
			buildConfigurations = (
				C11F91A528DD315700615E7A /* Debug */,
				C11F91A628DD315700615E7A /* Release */,
			);
			defaultConfigurationIsVisible = 0;
			defaultConfigurationName = Release;
		};
/* End XCConfigurationList section */

/* Begin XCRemoteSwiftPackageReference section */
		C12655C628DFACEE00C090F6 /* XCRemoteSwiftPackageReference "swift" */ = {
			isa = XCRemoteSwiftPackageReference;
			repositoryURL = "https://github.com/pubnub/swift.git";
			requirement = {
				kind = exactVersion;
				version = 3.0.1;
			};
		};
		C1FD16DC28ECD23B007A4D4B /* XCRemoteSwiftPackageReference "swift-log-console-colors" */ = {
			isa = XCRemoteSwiftPackageReference;
			repositoryURL = "https://github.com/nneuberger1/swift-log-console-colors.git";
			requirement = {
				kind = upToNextMajorVersion;
				minimumVersion = 1.0.0;
			};
		};
/* End XCRemoteSwiftPackageReference section */

/* Begin XCSwiftPackageProductDependency section */
		C12655C728DFACEE00C090F6 /* PubNub */ = {
			isa = XCSwiftPackageProductDependency;
			package = C12655C628DFACEE00C090F6 /* XCRemoteSwiftPackageReference "swift" */;
			productName = PubNub;
		};
		C1FD16DD28ECD23B007A4D4B /* SwiftLogConsoleColors */ = {
			isa = XCSwiftPackageProductDependency;
			package = C1FD16DC28ECD23B007A4D4B /* XCRemoteSwiftPackageReference "swift-log-console-colors" */;
			productName = SwiftLogConsoleColors;
		};
/* End XCSwiftPackageProductDependency section */
	};
	rootObject = C11F917228DD315500615E7A /* Project object */;
}
